
Microsoft Visual Studio Solution File, Format Version 12.00
# Visual Studio Version 17
VisualStudioVersion = 17.0.32112.339
MinimumVisualStudioVersion = 10.0.40219.1
Project("{9A19103F-16F7-4668-BE54-9A1E7A4F7556}") = "PlatformService", "PlatformService\PlatformService.csproj", "{277199E2-6EF8-4690-B126-A234D9522E76}"
EndProject
Project("{2150E333-8FDC-42A3-9474-1A3956D46DE8}") = "K8S", "K8S", "{736A00D8-AA70-453B-A12B-9BDE84FC24B2}"
	ProjectSection(SolutionItems) = preProject
		K8S\commands-depl.yaml = K8S\commands-depl.yaml
		K8S\platforms-depl.yaml = K8S\platforms-depl.yaml
		K8S\platforms-np-srv.yaml = K8S\platforms-np-srv.yaml
	EndProjectSection
EndProject
Project("{9A19103F-16F7-4668-BE54-9A1E7A4F7556}") = "CommandsService", "CommandsService\CommandsService.csproj", "{1C2AEE08-4579-4241-A55E-A9408F0B7147}"
EndProject
Global
	GlobalSection(SolutionConfigurationPlatforms) = preSolution
		Debug|Any CPU = Debug|Any CPU
		Release|Any CPU = Release|Any CPU
	EndGlobalSection
	GlobalSection(ProjectConfigurationPlatforms) = postSolution
		{277199E2-6EF8-4690-B126-A234D9522E76}.Debug|Any CPU.ActiveCfg = Debug|Any CPU
		{277199E2-6EF8-4690-B126-A234D9522E76}.Debug|Any CPU.Build.0 = Debug|Any CPU
		{277199E2-6EF8-4690-B126-A234D9522E76}.Release|Any CPU.ActiveCfg = Release|Any CPU
		{277199E2-6EF8-4690-B126-A234D9522E76}.Release|Any CPU.Build.0 = Release|Any CPU
		{1C2AEE08-4579-4241-A55E-A9408F0B7147}.Debug|Any CPU.ActiveCfg = Debug|Any CPU
		{1C2AEE08-4579-4241-A55E-A9408F0B7147}.Debug|Any CPU.Build.0 = Debug|Any CPU
		{1C2AEE08-4579-4241-A55E-A9408F0B7147}.Release|Any CPU.ActiveCfg = Release|Any CPU
		{1C2AEE08-4579-4241-A55E-A9408F0B7147}.Release|Any CPU.Build.0 = Release|Any CPU
	EndGlobalSection
	GlobalSection(SolutionProperties) = preSolution
		HideSolutionNode = FALSE
	EndGlobalSection
	GlobalSection(ExtensibilityGlobals) = postSolution
		SolutionGuid = {CCE4B0F5-E5A3-45CC-83F2-C5E611D2CE5E}
	EndGlobalSection
EndGlobal
